
Microsoft Visual Studio Solution File, Format Version 12.00
# Visual Studio 15
VisualStudioVersion = 15.0.27428.1
MinimumVisualStudioVersion = 10.0.40219.1
Project("{FAE04EC0-301F-11D3-BF4B-00C04F79EFBC}") = "ShortestPaths", "ShortestPaths\ShortestPaths.csproj", "{691FC3A2-0936-4104-8E1C-C5EC746FCF48}"
EndProject
Global
	GlobalSection(SolutionConfigurationPlatforms) = preSolution
		Debug|Any CPU = Debug|Any CPU
		Release|Any CPU = Release|Any CPU
	EndGlobalSection
	GlobalSection(ProjectConfigurationPlatforms) = postSolution
		{691FC3A2-0936-4104-8E1C-C5EC746FCF48}.Debug|Any CPU.ActiveCfg = Debug|Any CPU
		{691FC3A2-0936-4104-8E1C-C5EC746FCF48}.Debug|Any CPU.Build.0 = Debug|Any CPU
		{691FC3A2-0936-4104-8E1C-C5EC746FCF48}.Release|Any CPU.ActiveCfg = Release|Any CPU
		{691FC3A2-0936-4104-8E1C-C5EC746FCF48}.Release|Any CPU.Build.0 = Release|Any CPU
	EndGlobalSection
	GlobalSection(SolutionProperties) = preSolution
		HideSolutionNode = FALSE
	EndGlobalSection
	GlobalSection(ExtensibilityGlobals) = postSolution
		SolutionGuid = {D21450C6-CFCA-44C8-B0B1-C5F7A84C47B0}
	EndGlobalSection
EndGlobal
